{
  "name": "inclusion-map",
  "version": "1.0.0",
  "lockfileVersion": 1,
  "requires": true,
  "dependencies": {
    "@tonybadguy/call-me-maybe": {
      "version": "2.1.1",
      "resolved": "https://registry.npmjs.org/@tonybadguy/call-me-maybe/-/call-me-maybe-2.1.1.tgz",
      "integrity": "sha1-B1jkUo52qx4XrvCP+WqzMEr6AB0=",
      "requires": {
        "caseless": "^0.11.0",
        "error": "^7.0.2",
        "small-request": "^2.1.0",
        "string-template": "^1.0.0"
      }
    },
    "anymatch": {
      "version": "3.1.0",
      "resolved": "https://registry.npmjs.org/anymatch/-/anymatch-3.1.0.tgz",
      "integrity": "sha1-5gk1DlCpMTtHJ4my8U7zWAjuFNY=",
      "dev": true,
      "requires": {
        "normalize-path": "^3.0.0",
        "picomatch": "^2.0.4"
      }
    },
    "binary-extensions": {
      "version": "2.0.0",
      "resolved": "https://registry.npmjs.org/binary-extensions/-/binary-extensions-2.0.0.tgz",
      "integrity": "sha1-I8DfFPaogHf1+YbA0WfsA8PVU3w=",
      "dev": true
    },
    "braces": {
      "version": "3.0.2",
      "resolved": "https://registry.npmjs.org/braces/-/braces-3.0.2.tgz",
      "integrity": "sha1-NFThpGLujVmeI23zNs2epPiv4Qc=",
      "dev": true,
      "requires": {
        "fill-range": "^7.0.1"
      }
    },
    "caseless": {
      "version": "0.11.0",
      "resolved": "https://registry.npmjs.org/caseless/-/caseless-0.11.0.tgz",
      "integrity": "sha1-cVuW6phBWTzDMGeSP17GDr2k99c="
    },
    "chokidar": {
      "version": "3.1.0",
      "resolved": "https://registry.npmjs.org/chokidar/-/chokidar-3.1.0.tgz",
      "integrity": "sha1-/yPQd2gqkOrdIJv6dusQ7W01lmg=",
      "dev": true,
      "requires": {
        "anymatch": "^3.1.0",
        "braces": "^3.0.2",
        "fsevents": "^2.0.6",
        "glob-parent": "^5.0.0",
        "is-binary-path": "^2.1.0",
        "is-glob": "^4.0.1",
        "normalize-path": "^3.0.0",
        "readdirp": "^3.1.1"
      }
    },
    "error": {
      "version": "7.2.0",
      "resolved": "https://registry.npmjs.org/error/-/error-7.2.0.tgz",
      "integrity": "sha1-gMmJiFY1tB35MJ0UWDSk8SWuIkU=",
      "requires": {
        "string-template": "~0.2.1"
      },
      "dependencies": {
        "string-template": {
          "version": "0.2.1",
          "resolved": "https://registry.npmjs.org/string-template/-/string-template-0.2.1.tgz",
          "integrity": "sha1-QpMuWYo1LQH8IuwzZ9nYTuxsmt0="
        }
      }
    },
    "fill-range": {
      "version": "7.0.1",
      "resolved": "https://registry.npmjs.org/fill-range/-/fill-range-7.0.1.tgz",
      "integrity": "sha1-GRmmp8df44ssfHflGYU12prN2kA=",
      "dev": true,
      "requires": {
        "to-regex-range": "^5.0.1"
      }
    },
    "fsevents": {
      "version": "2.1.1",
      "resolved": "https://registry.npmjs.org/fsevents/-/fsevents-2.1.1.tgz",
      "integrity": "sha512-4FRPXWETxtigtJW/gxzEDsX1LVbPAM93VleB83kZB+ellqbHMkyt2aJfuzNLRvFPnGi6bcE5SvfxgbXPeKteJw==",
      "dev": true,
      "optional": true
    },
    "glob-parent": {
      "version": "5.0.0",
      "resolved": "https://registry.npmjs.org/glob-parent/-/glob-parent-5.0.0.tgz",
      "integrity": "sha1-HcmfDzmwBtPpLCwoQGg4Lwwg6VQ=",
      "dev": true,
      "requires": {
        "is-glob": "^4.0.1"
      }
    },
    "is-binary-path": {
      "version": "2.1.0",
      "resolved": "https://registry.npmjs.org/is-binary-path/-/is-binary-path-2.1.0.tgz",
      "integrity": "sha1-6h9/O4DwZCNug0cPhsCcJU+0Wwk=",
      "dev": true,
      "requires": {
        "binary-extensions": "^2.0.0"
      }
    },
    "is-extglob": {
      "version": "2.1.1",
      "resolved": "https://registry.npmjs.org/is-extglob/-/is-extglob-2.1.1.tgz",
      "integrity": "sha1-qIwCU1eR8C7TfHahueqXc8gz+MI=",
      "dev": true
    },
    "is-glob": {
      "version": "4.0.1",
      "resolved": "https://registry.npmjs.org/is-glob/-/is-glob-4.0.1.tgz",
      "integrity": "sha1-dWfb6fL14kZ7x3q4PEopSCQHpdw=",
      "dev": true,
      "requires": {
        "is-extglob": "^2.1.1"
      }
    },
    "is-number": {
      "version": "7.0.0",
      "resolved": "https://registry.npmjs.org/is-number/-/is-number-7.0.0.tgz",
      "integrity": "sha1-dTU0W4lnNNX4DE0GxQlVUnoU8Ss=",
      "dev": true
    },
    "normalize-path": {
      "version": "3.0.0",
      "resolved": "https://registry.npmjs.org/normalize-path/-/normalize-path-3.0.0.tgz",
      "integrity": "sha1-Dc1p/yOhybEf0JeDFmRKA4ghamU=",
      "dev": true
    },
    "picomatch": {
      "version": "2.0.7",
      "resolved": "https://registry.npmjs.org/picomatch/-/picomatch-2.0.7.tgz",
      "integrity": "sha1-UUFp2MfNC9vuzIomCeNKcWPeafY=",
      "dev": true
    },
    "readdirp": {
      "version": "3.1.2",
      "resolved": "https://registry.npmjs.org/readdirp/-/readdirp-3.1.2.tgz",
      "integrity": "sha1-+oXS0U1CiZIORnHerZZDGt0u54o=",
      "dev": true,
      "requires": {
        "picomatch": "^2.0.4"
      }
    },
    "request-function": {
      "version": "2.0.0",
      "resolved": "https://registry.npmjs.org/request-function/-/request-function-2.0.0.tgz",
      "integrity": "sha1-J6rOJ/hx48L9SKGdrXXKOExLhlQ=",
      "requires": {
        "error": "^7.0.2"
      }
    },
    "sass": {
      "version": "1.22.12",
      "resolved": "https://registry.npmjs.org/sass/-/sass-1.22.12.tgz",
      "integrity": "sha1-XL3ThyD/0YV9ppUzH67p9jS8tdc=",
      "dev": true,
      "requires": {
        "chokidar": ">=2.0.0 <4.0.0"
      }
    },
    "small-request": {
      "version": "2.1.0",
      "resolved": "https://registry.npmjs.org/small-request/-/small-request-2.1.0.tgz",
      "integrity": "sha1-sQFaUEfKFAsKI6suBAO76NE2vrM=",
      "requires": {
        "request-function": "^2.0.0"
      }
    },
    "string-template": {
      "version": "1.0.0",
      "resolved": "https://registry.npmjs.org/string-template/-/string-template-1.0.0.tgz",
      "integrity": "sha1-np8iM9wA8hhxjsN5oopWc+zKi5Y="
    },
    "to-regex-range": {
      "version": "5.0.1",
      "resolved": "https://registry.npmjs.org/to-regex-range/-/to-regex-range-5.0.1.tgz",
      "integrity": "sha1-FkjESq58jZiKMmAY7XL1tN0DkuQ=",
      "dev": true,
      "requires": {
        "is-number": "^7.0.0"
      }
    },
    "yelp-fusion": {
      "version": "3.0.0",
      "resolved": "https://registry.npmjs.org/yelp-fusion/-/yelp-fusion-3.0.0.tgz",
      "integrity": "sha1-rk0raygHIBa6GDKKCq/FtZaSEZ8=",
      "requires": {
        "@tonybadguy/call-me-maybe": "^2.1.1"
      }
    }
  }
}
